
Microsoft Visual Studio Solution File, Format Version 12.00
# Visual Studio Version 17
VisualStudioVersion = 17.1.32319.34
MinimumVisualStudioVersion = 10.0.40219.1
Project("{9A19103F-16F7-4668-BE54-9A1E7A4F7556}") = "AppCore", "AppCore\AppCore.csproj", "{1C69DD13-36E9-41BB-8180-6FD107FA89D7}"
EndProject
Project("{9A19103F-16F7-4668-BE54-9A1E7A4F7556}") = "Business", "BUSINESS\Business.csproj", "{39CE2720-D791-46D9-B85D-5FA6AF533B87}"
EndProject
Project("{9A19103F-16F7-4668-BE54-9A1E7A4F7556}") = "DataAccess", "DATAACCESS\DataAccess.csproj", "{11FB53EA-ADB9-4831-81AE-F90A523B73B5}"
EndProject
Project("{9A19103F-16F7-4668-BE54-9A1E7A4F7556}") = "MvcWebUI", "MvcWebUI\MvcWebUI.csproj", "{93C92408-EAE6-4CFA-8CC5-78E3774C6587}"
EndProject
Project("{FAE04EC0-301F-11D3-BF4B-00C04F79EFBC}") = "WebApi", "WebApi\WebApi.csproj", "{758A4609-9413-4EB3-BED4-E016C9BEBCA6}"
EndProject
Global
	GlobalSection(SolutionConfigurationPlatforms) = preSolution
		Debug|Any CPU = Debug|Any CPU
		Release|Any CPU = Release|Any CPU
	EndGlobalSection
	GlobalSection(ProjectConfigurationPlatforms) = postSolution
		{1C69DD13-36E9-41BB-8180-6FD107FA89D7}.Debug|Any CPU.ActiveCfg = Debug|Any CPU
		{1C69DD13-36E9-41BB-8180-6FD107FA89D7}.Debug|Any CPU.Build.0 = Debug|Any CPU
		{1C69DD13-36E9-41BB-8180-6FD107FA89D7}.Release|Any CPU.ActiveCfg = Release|Any CPU
		{1C69DD13-36E9-41BB-8180-6FD107FA89D7}.Release|Any CPU.Build.0 = Release|Any CPU
		{39CE2720-D791-46D9-B85D-5FA6AF533B87}.Debug|Any CPU.ActiveCfg = Debug|Any CPU
		{39CE2720-D791-46D9-B85D-5FA6AF533B87}.Debug|Any CPU.Build.0 = Debug|Any CPU
		{39CE2720-D791-46D9-B85D-5FA6AF533B87}.Release|Any CPU.ActiveCfg = Release|Any CPU
		{39CE2720-D791-46D9-B85D-5FA6AF533B87}.Release|Any CPU.Build.0 = Release|Any CPU
		{11FB53EA-ADB9-4831-81AE-F90A523B73B5}.Debug|Any CPU.ActiveCfg = Debug|Any CPU
		{11FB53EA-ADB9-4831-81AE-F90A523B73B5}.Debug|Any CPU.Build.0 = Debug|Any CPU
		{11FB53EA-ADB9-4831-81AE-F90A523B73B5}.Release|Any CPU.ActiveCfg = Release|Any CPU
		{11FB53EA-ADB9-4831-81AE-F90A523B73B5}.Release|Any CPU.Build.0 = Release|Any CPU
		{93C92408-EAE6-4CFA-8CC5-78E3774C6587}.Debug|Any CPU.ActiveCfg = Debug|Any CPU
		{93C92408-EAE6-4CFA-8CC5-78E3774C6587}.Debug|Any CPU.Build.0 = Debug|Any CPU
		{93C92408-EAE6-4CFA-8CC5-78E3774C6587}.Release|Any CPU.ActiveCfg = Release|Any CPU
		{93C92408-EAE6-4CFA-8CC5-78E3774C6587}.Release|Any CPU.Build.0 = Release|Any CPU
		{758A4609-9413-4EB3-BED4-E016C9BEBCA6}.Debug|Any CPU.ActiveCfg = Debug|Any CPU
		{758A4609-9413-4EB3-BED4-E016C9BEBCA6}.Debug|Any CPU.Build.0 = Debug|Any CPU
		{758A4609-9413-4EB3-BED4-E016C9BEBCA6}.Release|Any CPU.ActiveCfg = Release|Any CPU
		{758A4609-9413-4EB3-BED4-E016C9BEBCA6}.Release|Any CPU.Build.0 = Release|Any CPU
	EndGlobalSection
	GlobalSection(SolutionProperties) = preSolution
		HideSolutionNode = FALSE
	EndGlobalSection
	GlobalSection(ExtensibilityGlobals) = postSolution
		SolutionGuid = {0DCD2FF1-13BB-49DB-A139-3EF7F6AE5FF0}
	EndGlobalSection
EndGlobal
